
Microsoft Visual Studio Solution File, Format Version 12.00
# Visual Studio 15
VisualStudioVersion = 15.0.27703.2042
MinimumVisualStudioVersion = 10.0.40219.1
Project("{8BC9CEB8-8B4A-11D0-8D11-00A0C91BC942}") = "Quasi_3D", "Quasi_3D\Quasi_3D.vcxproj", "{A90725C0-2EAB-40A5-956B-809781F39BB4}"
EndProject
Global
	GlobalSection(SolutionConfigurationPlatforms) = preSolution
		Debug|x64 = Debug|x64
		Debug|x86 = Debug|x86
		Release|x64 = Release|x64
		Release|x86 = Release|x86
	EndGlobalSection
	GlobalSection(ProjectConfigurationPlatforms) = postSolution
		{A90725C0-2EAB-40A5-956B-809781F39BB4}.Debug|x64.ActiveCfg = Debug|x64
		{A90725C0-2EAB-40A5-956B-809781F39BB4}.Debug|x64.Build.0 = Debug|x64
		{A90725C0-2EAB-40A5-956B-809781F39BB4}.Debug|x86.ActiveCfg = Debug|Win32
		{A90725C0-2EAB-40A5-956B-809781F39BB4}.Debug|x86.Build.0 = Debug|Win32
		{A90725C0-2EAB-40A5-956B-809781F39BB4}.Release|x64.ActiveCfg = Release|x64
		{A90725C0-2EAB-40A5-956B-809781F39BB4}.Release|x64.Build.0 = Release|x64
		{A90725C0-2EAB-40A5-956B-809781F39BB4}.Release|x86.ActiveCfg = Release|Win32
		{A90725C0-2EAB-40A5-956B-809781F39BB4}.Release|x86.Build.0 = Release|Win32
	EndGlobalSection
	GlobalSection(SolutionProperties) = preSolution
		HideSolutionNode = FALSE
	EndGlobalSection
	GlobalSection(ExtensibilityGlobals) = postSolution
		SolutionGuid = {652458AB-6A7C-4B36-87C0-9786A74F7EDB}
	EndGlobalSection
EndGlobal
